{
    "_readme": [
        "This file locks the dependencies of your project to a known state",
        "Read more about it at https://getcomposer.org/doc/01-basic-usage.md#composer-lock-the-lock-file",
        "This file is @generated automatically"
    ],
    "hash": "e38b24a027fb12eb0dd75f399587ee4c",
    "content-hash": "81ca6101614117b03e356838525ff120",
    "packages": [
        {
            "name": "emojione/emojione",
            "version": "v2.1.0",
            "source": {
                "type": "git",
                "url": "https://github.com/Ranks/emojione.git",
                "reference": "fd4bb7a26a39e93d0cb4ed90934e9e3f73ebca4b"
            },
            "dist": {
                "type": "zip",
                "url": "https://api.github.com/repos/Ranks/emojione/zipball/fd4bb7a26a39e93d0cb4ed90934e9e3f73ebca4b",
                "reference": "fd4bb7a26a39e93d0cb4ed90934e9e3f73ebca4b",
                "shasum": ""
            },
            "require": {
                "php": ">=5.3"
            },
            "require-dev": {
                "phpunit/phpunit": "~4.6"
            },
            "type": "library",
            "autoload": {
                "psr-4": {
                    "Emojione\\": "lib/php/src"
                }
            },
            "notification-url": "https://packagist.org/downloads/",
            "license": [
                "(CC-BY-4.0 and MIT)"
            ],
            "description": "Emoji One is a complete set of emojis designed for the web. It includes libraries to easily convert unicode characters to shortnames (:smile:) and shortnames to our custom emoji images. PNG and SVG formats provided for the emoji images.",
            "homepage": "http://www.emojione.com",
            "keywords": [
                "Emoji One",
                "emoji",
                "emojione",
                "emojis",
                "emoticons",
                "smileys",
                "smilies",
                "unicode"
            ],
            "time": "2016-01-29 19:30:25"
        }
    ],
    "packages-dev": [],
    "aliases": [],
    "minimum-stability": "stable",
    "stability-flags": [],
    "prefer-stable": false,
    "prefer-lowest": false,
    "platform": [],
    "platform-dev": []
}
